
Microsoft Visual Studio Solution File, Format Version 12.00
# Visual Studio Version 16
VisualStudioVersion = 16.0.29920.165
MinimumVisualStudioVersion = 10.0.40219.1
Project("{9A19103F-16F7-4668-BE54-9A1E7A4F7556}") = "ClientEight", "ClientEight.csproj", "{6488AC61-43DC-4BE7-825C-E0952CB52F83}"
EndProject
Project("{FAE04EC0-301F-11D3-BF4B-00C04F79EFBC}") = "XUnitTest", "..\XUnitTest\XUnitTest.csproj", "{F35CEA08-84D8-42EC-8D94-8F951BCDD0DD}"
EndProject
Global
	GlobalSection(SolutionConfigurationPlatforms) = preSolution
		Debug|Any CPU = Debug|Any CPU
		Release|Any CPU = Release|Any CPU
	EndGlobalSection
	GlobalSection(ProjectConfigurationPlatforms) = postSolution
		{6488AC61-43DC-4BE7-825C-E0952CB52F83}.Debug|Any CPU.ActiveCfg = Debug|Any CPU
		{6488AC61-43DC-4BE7-825C-E0952CB52F83}.Debug|Any CPU.Build.0 = Debug|Any CPU
		{6488AC61-43DC-4BE7-825C-E0952CB52F83}.Release|Any CPU.ActiveCfg = Release|Any CPU
		{6488AC61-43DC-4BE7-825C-E0952CB52F83}.Release|Any CPU.Build.0 = Release|Any CPU
		{F35CEA08-84D8-42EC-8D94-8F951BCDD0DD}.Debug|Any CPU.ActiveCfg = Debug|Any CPU
		{F35CEA08-84D8-42EC-8D94-8F951BCDD0DD}.Debug|Any CPU.Build.0 = Debug|Any CPU
		{F35CEA08-84D8-42EC-8D94-8F951BCDD0DD}.Release|Any CPU.ActiveCfg = Release|Any CPU
		{F35CEA08-84D8-42EC-8D94-8F951BCDD0DD}.Release|Any CPU.Build.0 = Release|Any CPU
	EndGlobalSection
	GlobalSection(SolutionProperties) = preSolution
		HideSolutionNode = FALSE
	EndGlobalSection
	GlobalSection(ExtensibilityGlobals) = postSolution
		SolutionGuid = {1C083675-8145-4587-8EEB-BBEF3814BF41}
	EndGlobalSection
EndGlobal
